{
    "_readme": [
        "This file locks the dependencies of your project to a known state",
        "Read more about it at https://getcomposer.org/doc/01-basic-usage.md#installing-dependencies",
        "This file is @generated automatically"
    ],
    "content-hash": "56a56aaa0443f52e3ac0693136961e19",
    "packages": [
        {
            "name": "laminas/laminas-db",
            "version": "2.12.0",
            "source": {
                "type": "git",
                "url": "https://github.com/laminas/laminas-db.git",
                "reference": "80cbba4e749f9eb7d8036172acb9ad41e8b6923f"
            },
            "dist": {
                "type": "zip",
                "url": "https://api.github.com/repos/laminas/laminas-db/zipball/80cbba4e749f9eb7d8036172acb9ad41e8b6923f",
                "reference": "80cbba4e749f9eb7d8036172acb9ad41e8b6923f",
                "shasum": ""
            },
            "require": {
                "laminas/laminas-stdlib": "^3.3",
                "laminas/laminas-zendframework-bridge": "^1.0",
                "php": "^7.3 || ~8.0.0"
            },
            "replace": {
                "zendframework/zend-db": "^2.11.0"
            },
            "require-dev": {
                "laminas/laminas-coding-standard": "~1.0.0",
                "laminas/laminas-eventmanager": "^3.3",
                "laminas/laminas-hydrator": "^3.2 || ^4.0",
                "laminas/laminas-servicemanager": "^3.3",
                "phpspec/prophecy-phpunit": "^2.0",
                "phpunit/phpunit": "^9.3"
            },
            "suggest": {
                "laminas/laminas-eventmanager": "Laminas\\EventManager component",
                "laminas/laminas-hydrator": "(^3.2 || ^4.0) Laminas\\Hydrator component for using HydratingResultSets",
                "laminas/laminas-servicemanager": "Laminas\\ServiceManager component"
            },
            "type": "library",
            "extra": {
                "laminas": {
                    "component": "Laminas\\Db",
                    "config-provider": "Laminas\\Db\\ConfigProvider"
                }
            },
            "autoload": {
                "psr-4": {
                    "Laminas\\Db\\": "src/"
                }
            },
            "notification-url": "https://packagist.org/downloads/",
            "license": [
                "BSD-3-Clause"
            ],
            "description": "Database abstraction layer, SQL abstraction, result set abstraction, and RowDataGateway and TableDataGateway implementations",
            "homepage": "https://laminas.dev",
            "keywords": [
                "db",
                "laminas"
            ],
            "support": {
                "chat": "https://laminas.dev/chat",
                "docs": "https://docs.laminas.dev/laminas-db/",
                "forum": "https://discourse.laminas.dev",
                "issues": "https://github.com/laminas/laminas-db/issues",
                "rss": "https://github.com/laminas/laminas-db/releases.atom",
                "source": "https://github.com/laminas/laminas-db"
            },
            "funding": [
                {
                    "url": "https://funding.communitybridge.org/projects/laminas-project",
                    "type": "community_bridge"
                }
            ],
            "time": "2021-02-22T22:27:56+00:00"
        },
        {
            "name": "laminas/laminas-eventmanager",
            "version": "3.3.1",
            "source": {
                "type": "git",
                "url": "https://github.com/laminas/laminas-eventmanager.git",
                "reference": "966c859b67867b179fde1eff0cd38df51472ce4a"
            },
            "dist": {
                "type": "zip",
                "url": "https://api.github.com/repos/laminas/laminas-eventmanager/zipball/966c859b67867b179fde1eff0cd38df51472ce4a",
                "reference": "966c859b67867b179fde1eff0cd38df51472ce4a",
                "shasum": ""
            },
            "require": {
                "laminas/laminas-zendframework-bridge": "^1.0",
                "php": "^7.3 || ^8.0"
            },
            "replace": {
                "zendframework/zend-eventmanager": "^3.2.1"
            },
            "require-dev": {
                "container-interop/container-interop": "^1.1",
                "laminas/laminas-coding-standard": "~1.0.0",
                "laminas/laminas-stdlib": "^2.7.3 || ^3.0",
                "phpbench/phpbench": "^0.17.1",
                "phpunit/phpunit": "^8.5.8"
            },
            "suggest": {
                "container-interop/container-interop": "^1.1, to use the lazy listeners feature",
                "laminas/laminas-stdlib": "^2.7.3 || ^3.0, to use the FilterChain feature"
            },
            "type": "library",
            "autoload": {
                "psr-4": {
                    "Laminas\\EventManager\\": "src/"
                }
            },
            "notification-url": "https://packagist.org/downloads/",
            "license": [
                "BSD-3-Clause"
            ],
            "description": "Trigger and listen to events within a PHP application",
            "homepage": "https://laminas.dev",
            "keywords": [
                "event",
                "eventmanager",
                "events",
                "laminas"
            ],
            "support": {
                "chat": "https://laminas.dev/chat",
                "docs": "https://docs.laminas.dev/laminas-eventmanager/",
                "forum": "https://discourse.laminas.dev",
                "issues": "https://github.com/laminas/laminas-eventmanager/issues",
                "rss": "https://github.com/laminas/laminas-eventmanager/releases.atom",
                "source": "https://github.com/laminas/laminas-eventmanager"
            },
            "funding": [
                {
                    "url": "https://funding.communitybridge.org/projects/laminas-project",
                    "type": "community_bridge"
                }
            ],
            "time": "2021-03-08T15:24:29+00:00"
        },
        {
            "name": "laminas/laminas-hydrator",
            "version": "4.2.2",
            "source": {
                "type": "git",
                "url": "https://github.com/laminas/laminas-hydrator.git",
                "reference": "ed5d9cacc551a37b552cb44e1bbf315512612248"
            },
            "dist": {
                "type": "zip",
                "url": "https://api.github.com/repos/laminas/laminas-hydrator/zipball/ed5d9cacc551a37b552cb44e1bbf315512612248",
                "reference": "ed5d9cacc551a37b552cb44e1bbf315512612248",
                "shasum": ""
            },
            "require": {
                "laminas/laminas-stdlib": "^3.3",
                "laminas/laminas-zendframework-bridge": "^1.0",
                "php": "^7.3 || ~8.0.0",
                "webmozart/assert": "^1.10"
            },
            "replace": {
                "zendframework/zend-hydrator": "^3.0.2"
            },
            "require-dev": {
                "laminas/laminas-coding-standard": "~2.3.0",
                "laminas/laminas-eventmanager": "^3.2.1",
                "laminas/laminas-modulemanager": "^2.8",
                "laminas/laminas-serializer": "^2.9",
                "laminas/laminas-servicemanager": "^3.3.2",
                "phpunit/phpunit": "~9.3.0",
                "psalm/plugin-phpunit": "^0.16.1",
                "vimeo/psalm": "^4.8.1"
            },
            "suggest": {
                "laminas/laminas-eventmanager": "^3.2, to support aggregate hydrator usage",
                "laminas/laminas-serializer": "^2.9, to use the SerializableStrategy",
                "laminas/laminas-servicemanager": "^3.3, to support hydrator plugin manager usage"
            },
            "type": "library",
            "extra": {
                "laminas": {
                    "component": "Laminas\\Hydrator",
                    "config-provider": "Laminas\\Hydrator\\ConfigProvider"
                }
            },
            "autoload": {
                "psr-4": {
                    "Laminas\\Hydrator\\": "src/"
                }
            },
            "notification-url": "https://packagist.org/downloads/",
            "license": [
                "BSD-3-Clause"
            ],
            "description": "Serialize objects to arrays, and vice versa",
            "homepage": "https://laminas.dev",
            "keywords": [
                "hydrator",
                "laminas"
            ],
            "support": {
                "chat": "https://laminas.dev/chat",
                "docs": "https://docs.laminas.dev/laminas-hydrator/",
                "forum": "https://discourse.laminas.dev",
                "issues": "https://github.com/laminas/laminas-hydrator/issues",
                "rss": "https://github.com/laminas/laminas-hydrator/releases.atom",
                "source": "https://github.com/laminas/laminas-hydrator"
            },
            "funding": [
                {
                    "url": "https://funding.communitybridge.org/projects/laminas-project",
                    "type": "community_bridge"
                }
            ],
            "time": "2021-08-02T15:28:57+00:00"
        },
        {
            "name": "laminas/laminas-json",
            "version": "3.2.0",
            "source": {
                "type": "git",
                "url": "https://github.com/laminas/laminas-json.git",
                "reference": "1e3b64d3b21dac0511e628ae8debc81002d14e3c"
            },
            "dist": {
                "type": "zip",
                "url": "https://api.github.com/repos/laminas/laminas-json/zipball/1e3b64d3b21dac0511e628ae8debc81002d14e3c",
                "reference": "1e3b64d3b21dac0511e628ae8debc81002d14e3c",
                "shasum": ""
            },
            "require": {
                "laminas/laminas-zendframework-bridge": "^1.0",
                "php": "^7.3 || ~8.0.0"
            },
            "replace": {
                "zendframework/zend-json": "^3.1.2"
            },
            "require-dev": {
                "laminas/laminas-coding-standard": "~1.0.0",
                "laminas/laminas-stdlib": "^2.7.7 || ^3.1",
                "phpunit/phpunit": "^9.3"
            },
            "suggest": {
                "laminas/laminas-json-server": "For implementing JSON-RPC servers",
                "laminas/laminas-xml2json": "For converting XML documents to JSON"
            },
            "type": "library",
            "autoload": {
                "psr-4": {
                    "Laminas\\Json\\": "src/"
                }
            },
            "notification-url": "https://packagist.org/downloads/",
            "license": [
                "BSD-3-Clause"
            ],
            "description": "provides convenience methods for serializing native PHP to JSON and decoding JSON to native PHP",
            "homepage": "https://laminas.dev",
            "keywords": [
                "json",
                "laminas"
            ],
            "support": {
                "chat": "https://laminas.dev/chat",
                "docs": "https://docs.laminas.dev/laminas-json/",
                "forum": "https://discourse.laminas.dev",
                "issues": "https://github.com/laminas/laminas-json/issues",
                "rss": "https://github.com/laminas/laminas-json/releases.atom",
                "source": "https://github.com/laminas/laminas-json"
            },
            "funding": [
                {
                    "url": "https://funding.communitybridge.org/projects/laminas-project",
                    "type": "community_bridge"
                }
            ],
            "time": "2021-02-12T15:38:10+00:00"
        },
        {
            "name": "laminas/laminas-serializer",
            "version": "2.10.1",
            "source": {
                "type": "git",
                "url": "https://github.com/laminas/laminas-serializer.git",
                "reference": "254cf6a17b46d98808c0810939268f63538dcc0c"
            },
            "dist": {
                "type": "zip",
                "url": "https://api.github.com/repos/laminas/laminas-serializer/zipball/254cf6a17b46d98808c0810939268f63538dcc0c",
                "reference": "254cf6a17b46d98808c0810939268f63538dcc0c",
                "shasum": ""
            },
            "require": {
                "laminas/laminas-json": "^3.1",
                "laminas/laminas-stdlib": "^3.2",
                "laminas/laminas-zendframework-bridge": "^1.0",
                "php": "^7.3 || ~8.0.0"
            },
            "replace": {
                "zendframework/zend-serializer": "^2.9.1"
            },
            "require-dev": {
                "laminas/laminas-coding-standard": "~1.0.0",
                "laminas/laminas-math": "^3.3",
                "laminas/laminas-servicemanager": "^3.6",
                "phpunit/phpunit": "^9.3"
            },
            "suggest": {
                "laminas/laminas-math": "(^3.3) To support Python Pickle serialization",
                "laminas/laminas-servicemanager": "(^3.6) To support plugin manager support"
            },
            "type": "library",
            "extra": {
                "laminas": {
                    "component": "Laminas\\Serializer",
                    "config-provider": "Laminas\\Serializer\\ConfigProvider"
                }
            },
            "autoload": {
                "psr-4": {
                    "Laminas\\Serializer\\": "src/"
                }
            },
            "notification-url": "https://packagist.org/downloads/",
            "license": [
                "BSD-3-Clause"
            ],
            "description": "Serialize and deserialize PHP structures to a variety of representations",
            "homepage": "https://laminas.dev",
            "keywords": [
                "laminas",
                "serializer"
            ],
            "support": {
                "chat": "https://laminas.dev/chat",
                "docs": "https://docs.laminas.dev/laminas-serializer/",
                "forum": "https://discourse.laminas.dev",
                "issues": "https://github.com/laminas/laminas-serializer/issues",
                "rss": "https://github.com/laminas/laminas-serializer/releases.atom",
                "source": "https://github.com/laminas/laminas-serializer"
            },
            "funding": [
                {
                    "url": "https://funding.communitybridge.org/projects/laminas-project",
                    "type": "community_bridge"
                }
            ],
            "time": "2021-02-18T14:21:13+00:00"
        },
        {
            "name": "laminas/laminas-stdlib",
            "version": "3.5.0",
            "source": {
                "type": "git",
                "url": "https://github.com/laminas/laminas-stdlib.git",
                "reference": "c8ac6a76a133e682acfabc821d4a2ec646934b12"
            },
            "dist": {
                "type": "zip",
                "url": "https://api.github.com/repos/laminas/laminas-stdlib/zipball/c8ac6a76a133e682acfabc821d4a2ec646934b12",
                "reference": "c8ac6a76a133e682acfabc821d4a2ec646934b12",
                "shasum": ""
            },
            "require": {
                "php": "^7.3 || ^8.0"
            },
            "conflict": {
                "zendframework/zend-stdlib": "*"
            },
            "require-dev": {
                "laminas/laminas-coding-standard": "~2.3.0",
                "phpbench/phpbench": "^0.17.1",
                "phpunit/phpunit": "~9.3.7",
                "psalm/plugin-phpunit": "^0.16.0",
                "vimeo/psalm": "^4.7"
            },
            "type": "library",
            "autoload": {
                "psr-4": {
                    "Laminas\\Stdlib\\": "src/"
                }
            },
            "notification-url": "https://packagist.org/downloads/",
            "license": [
                "BSD-3-Clause"
            ],
            "description": "SPL extensions, array utilities, error handlers, and more",
            "homepage": "https://laminas.dev",
            "keywords": [
                "laminas",
                "stdlib"
            ],
            "support": {
                "chat": "https://laminas.dev/chat",
                "docs": "https://docs.laminas.dev/laminas-stdlib/",
                "forum": "https://discourse.laminas.dev",
                "issues": "https://github.com/laminas/laminas-stdlib/issues",
                "rss": "https://github.com/laminas/laminas-stdlib/releases.atom",
                "source": "https://github.com/laminas/laminas-stdlib"
            },
            "funding": [
                {
                    "url": "https://funding.communitybridge.org/projects/laminas-project",
                    "type": "community_bridge"
                }
            ],
            "time": "2021-08-03T13:40:40+00:00"
        },
        {
            "name": "laminas/laminas-zendframework-bridge",
            "version": "1.3.0",
            "source": {
                "type": "git",
                "url": "https://github.com/laminas/laminas-zendframework-bridge.git",
                "reference": "13af2502d9bb6f7d33be2de4b51fb68c6cdb476e"
            },
            "dist": {
                "type": "zip",
                "url": "https://api.github.com/repos/laminas/laminas-zendframework-bridge/zipball/13af2502d9bb6f7d33be2de4b51fb68c6cdb476e",
                "reference": "13af2502d9bb6f7d33be2de4b51fb68c6cdb476e",
                "shasum": ""
            },
            "require": {
                "php": "^7.3 || ^8.0"
            },
            "require-dev": {
                "phpunit/phpunit": "^5.7 || ^6.5 || ^7.5 || ^8.1 || ^9.3",
                "psalm/plugin-phpunit": "^0.15.1",
                "squizlabs/php_codesniffer": "^3.5",
                "vimeo/psalm": "^4.6"
            },
            "type": "library",
            "extra": {
                "laminas": {
                    "module": "Laminas\\ZendFrameworkBridge"
                }
            },
            "autoload": {
                "files": [
                    "src/autoload.php"
                ],
                "psr-4": {
                    "Laminas\\ZendFrameworkBridge\\": "src//"
                }
            },
            "notification-url": "https://packagist.org/downloads/",
            "license": [
                "BSD-3-Clause"
            ],
            "description": "Alias legacy ZF class names to Laminas Project equivalents.",
            "keywords": [
                "ZendFramework",
                "autoloading",
                "laminas",
                "zf"
            ],
            "support": {
                "forum": "https://discourse.laminas.dev/",
                "issues": "https://github.com/laminas/laminas-zendframework-bridge/issues",
                "rss": "https://github.com/laminas/laminas-zendframework-bridge/releases.atom",
                "source": "https://github.com/laminas/laminas-zendframework-bridge"
            },
            "funding": [
                {
                    "url": "https://funding.communitybridge.org/projects/laminas-project",
                    "type": "community_bridge"
                }
            ],
            "time": "2021-06-24T12:49:22+00:00"
        },
        {
            "name": "symfony/polyfill-ctype",
            "version": "v1.23.0",
            "source": {
                "type": "git",
                "url": "https://github.com/symfony/polyfill-ctype.git",
                "reference": "46cd95797e9df938fdd2b03693b5fca5e64b01ce"
            },
            "dist": {
                "type": "zip",
                "url": "https://api.github.com/repos/symfony/polyfill-ctype/zipball/46cd95797e9df938fdd2b03693b5fca5e64b01ce",
                "reference": "46cd95797e9df938fdd2b03693b5fca5e64b01ce",
                "shasum": ""
            },
            "require": {
                "php": ">=7.1"
            },
            "suggest": {
                "ext-ctype": "For best performance"
            },
            "type": "library",
            "extra": {
                "branch-alias": {
                    "dev-main": "1.23-dev"
                },
                "thanks": {
                    "name": "symfony/polyfill",
                    "url": "https://github.com/symfony/polyfill"
                }
            },
            "autoload": {
                "psr-4": {
                    "Symfony\\Polyfill\\Ctype\\": ""
                },
                "files": [
                    "bootstrap.php"
                ]
            },
            "notification-url": "https://packagist.org/downloads/",
            "license": [
                "MIT"
            ],
            "authors": [
                {
                    "name": "Gert de Pagter",
                    "email": "BackEndTea@gmail.com"
                },
                {
                    "name": "Symfony Community",
                    "homepage": "https://symfony.com/contributors"
                }
            ],
            "description": "Symfony polyfill for ctype functions",
            "homepage": "https://symfony.com",
            "keywords": [
                "compatibility",
                "ctype",
                "polyfill",
                "portable"
            ],
            "support": {
                "source": "https://github.com/symfony/polyfill-ctype/tree/v1.23.0"
            },
            "funding": [
                {
                    "url": "https://symfony.com/sponsor",
                    "type": "custom"
                },
                {
                    "url": "https://github.com/fabpot",
                    "type": "github"
                },
                {
                    "url": "https://tidelift.com/funding/github/packagist/symfony/symfony",
                    "type": "tidelift"
                }
            ],
            "time": "2021-02-19T12:13:01+00:00"
        },
        {
            "name": "webmozart/assert",
            "version": "1.10.0",
            "source": {
                "type": "git",
                "url": "https://github.com/webmozarts/assert.git",
                "reference": "6964c76c7804814a842473e0c8fd15bab0f18e25"
            },
            "dist": {
                "type": "zip",
                "url": "https://api.github.com/repos/webmozarts/assert/zipball/6964c76c7804814a842473e0c8fd15bab0f18e25",
                "reference": "6964c76c7804814a842473e0c8fd15bab0f18e25",
                "shasum": ""
            },
            "require": {
                "php": "^7.2 || ^8.0",
                "symfony/polyfill-ctype": "^1.8"
            },
            "conflict": {
                "phpstan/phpstan": "<0.12.20",
                "vimeo/psalm": "<4.6.1 || 4.6.2"
            },
            "require-dev": {
                "phpunit/phpunit": "^8.5.13"
            },
            "type": "library",
            "extra": {
                "branch-alias": {
                    "dev-master": "1.10-dev"
                }
            },
            "autoload": {
                "psr-4": {
                    "Webmozart\\Assert\\": "src/"
                }
            },
            "notification-url": "https://packagist.org/downloads/",
            "license": [
                "MIT"
            ],
            "authors": [
                {
                    "name": "Bernhard Schussek",
                    "email": "bschussek@gmail.com"
                }
            ],
            "description": "Assertions to validate method input/output with nice error messages.",
            "keywords": [
                "assert",
                "check",
                "validate"
            ],
            "support": {
                "issues": "https://github.com/webmozarts/assert/issues",
                "source": "https://github.com/webmozarts/assert/tree/1.10.0"
            },
            "time": "2021-03-09T10:59:23+00:00"
        }
    ],
    "packages-dev": [
        {
            "name": "mathsgod/php-util",
            "version": "1.3.1",
            "source": {
                "type": "git",
                "url": "https://github.com/mathsgod/php-util.git",
                "reference": "e140529782ccc922fa0ffca73603ea436907f3c7"
            },
            "dist": {
                "type": "zip",
                "url": "https://api.github.com/repos/mathsgod/php-util/zipball/e140529782ccc922fa0ffca73603ea436907f3c7",
                "reference": "e140529782ccc922fa0ffca73603ea436907f3c7",
                "shasum": ""
            },
            "require": {
                "php": ">=8.0"
            },
            "require-dev": {
                "phpunit/phpunit": "^9.5"
            },
            "type": "library",
            "autoload": {
                "psr-4": {
                    "PHP\\Util\\": "src/"
                },
                "files": [
                    "function/function.php"
                ]
            },
            "notification-url": "https://packagist.org/downloads/",
            "license": [
                "MIT"
            ],
            "authors": [
                {
                    "name": "Raymond Chong",
                    "email": "mathsgod@yahoo.com"
                }
            ],
            "description": "a simple php util for data structure",
            "support": {
                "issues": "https://github.com/mathsgod/php-util/issues",
                "source": "https://github.com/mathsgod/php-util/tree/1.3.1"
            },
            "time": "2021-08-06T03:27:22+00:00"
        }
    ],
    "aliases": [],
    "minimum-stability": "stable",
    "stability-flags": [],
    "prefer-stable": false,
    "prefer-lowest": false,
    "platform": [],
    "platform-dev": [],
    "plugin-api-version": "2.0.0"
}
